
Microsoft Visual Studio Solution File, Format Version 12.00
# Visual Studio Version 17
VisualStudioVersion = 17.4.33122.133
MinimumVisualStudioVersion = 10.0.40219.1
Project("{9A19103F-16F7-4668-BE54-9A1E7A4F7556}") = "Shop.Application", "Shop.Application\Shop.Application.csproj", "{0F566BB9-A6A9-448D-8217-240779830CAE}"
	ProjectSection(ProjectDependencies) = postProject
		{C9FD001B-E46E-4A3A-A243-B805FC16B7F3} = {C9FD001B-E46E-4A3A-A243-B805FC16B7F3}
	EndProjectSection
EndProject
Project("{9A19103F-16F7-4668-BE54-9A1E7A4F7556}") = "Shop.Domain", "Shop.Domain\Shop.Domain.csproj", "{C9FD001B-E46E-4A3A-A243-B805FC16B7F3}"
EndProject
Project("{9A19103F-16F7-4668-BE54-9A1E7A4F7556}") = "Shop.Infrastructure", "Shop.Infrastructure\Shop.Infrastructure.csproj", "{D6DD5044-5CBF-4537-9C50-821B1F66D3E3}"
EndProject
Project("{2150E333-8FDC-42A3-9474-1A3956D46DE8}") = "Tests", "Tests", "{900EBEC6-D198-4EE4-9264-75C9DA61878B}"
EndProject
Project("{2150E333-8FDC-42A3-9474-1A3956D46DE8}") = "src", "src", "{6993498C-96BE-4E52-AD1B-94D723A8895F}"
EndProject
Project("{2150E333-8FDC-42A3-9474-1A3956D46DE8}") = "Microservices", "Microservices", "{49DD9355-6B12-4BB9-8BFA-94EA1227666C}"
EndProject
Project("{9A19103F-16F7-4668-BE54-9A1E7A4F7556}") = "Shop.OrdersApi", "Shop.OrdersApi\Shop.OrdersApi.csproj", "{50AA9034-BE29-45DE-8485-7CC36108E8C2}"
EndProject
Project("{9A19103F-16F7-4668-BE54-9A1E7A4F7556}") = "Shop.ProductsApi", "Shop.ProductsApi\Shop.ProductsApi.csproj", "{E4480A10-F54D-437A-A625-DAF0CAC44DB5}"
EndProject
Project("{9A19103F-16F7-4668-BE54-9A1E7A4F7556}") = "Shop.UsersApi", "Shop.CustomersApi\Shop.UsersApi.csproj", "{2F20AC01-FF3B-4C6A-B3C6-93A66AACD4F6}"
EndProject
Project("{9A19103F-16F7-4668-BE54-9A1E7A4F7556}") = "Shop.WarehouseApi", "Shop.WarehouseApi\Shop.WarehouseApi.csproj", "{5CD1276A-E056-4ABF-BB18-7C53A77E62A9}"
EndProject
Project("{9A19103F-16F7-4668-BE54-9A1E7A4F7556}") = "Shop.DbMigrations", "Shop.DbMigrations\Shop.DbMigrations.csproj", "{9DD161A4-1BE7-4C01-948E-02A109464CA7}"
EndProject
Project("{9A19103F-16F7-4668-BE54-9A1E7A4F7556}") = "ApiDoTestow", "ApiDoTestow\ApiDoTestow.csproj", "{3065A899-231A-4CBA-B097-3535DB94E705}"
EndProject
Project("{FAE04EC0-301F-11D3-BF4B-00C04F79EFBC}") = "Shop.WebUi", "Shop.Web\Shop.WebUi.csproj", "{5A46A88E-4062-4881-A317-AEDC97C73F07}"
EndProject
Global
	GlobalSection(SolutionConfigurationPlatforms) = preSolution
		Debug|Any CPU = Debug|Any CPU
		Release|Any CPU = Release|Any CPU
	EndGlobalSection
	GlobalSection(ProjectConfigurationPlatforms) = postSolution
		{0F566BB9-A6A9-448D-8217-240779830CAE}.Debug|Any CPU.ActiveCfg = Debug|Any CPU
		{0F566BB9-A6A9-448D-8217-240779830CAE}.Debug|Any CPU.Build.0 = Debug|Any CPU
		{0F566BB9-A6A9-448D-8217-240779830CAE}.Release|Any CPU.ActiveCfg = Release|Any CPU
		{0F566BB9-A6A9-448D-8217-240779830CAE}.Release|Any CPU.Build.0 = Release|Any CPU
		{C9FD001B-E46E-4A3A-A243-B805FC16B7F3}.Debug|Any CPU.ActiveCfg = Debug|Any CPU
		{C9FD001B-E46E-4A3A-A243-B805FC16B7F3}.Debug|Any CPU.Build.0 = Debug|Any CPU
		{C9FD001B-E46E-4A3A-A243-B805FC16B7F3}.Release|Any CPU.ActiveCfg = Release|Any CPU
		{C9FD001B-E46E-4A3A-A243-B805FC16B7F3}.Release|Any CPU.Build.0 = Release|Any CPU
		{D6DD5044-5CBF-4537-9C50-821B1F66D3E3}.Debug|Any CPU.ActiveCfg = Debug|Any CPU
		{D6DD5044-5CBF-4537-9C50-821B1F66D3E3}.Debug|Any CPU.Build.0 = Debug|Any CPU
		{D6DD5044-5CBF-4537-9C50-821B1F66D3E3}.Release|Any CPU.ActiveCfg = Release|Any CPU
		{D6DD5044-5CBF-4537-9C50-821B1F66D3E3}.Release|Any CPU.Build.0 = Release|Any CPU
		{50AA9034-BE29-45DE-8485-7CC36108E8C2}.Debug|Any CPU.ActiveCfg = Debug|Any CPU
		{50AA9034-BE29-45DE-8485-7CC36108E8C2}.Debug|Any CPU.Build.0 = Debug|Any CPU
		{50AA9034-BE29-45DE-8485-7CC36108E8C2}.Release|Any CPU.ActiveCfg = Release|Any CPU
		{50AA9034-BE29-45DE-8485-7CC36108E8C2}.Release|Any CPU.Build.0 = Release|Any CPU
		{E4480A10-F54D-437A-A625-DAF0CAC44DB5}.Debug|Any CPU.ActiveCfg = Debug|Any CPU
		{E4480A10-F54D-437A-A625-DAF0CAC44DB5}.Debug|Any CPU.Build.0 = Debug|Any CPU
		{E4480A10-F54D-437A-A625-DAF0CAC44DB5}.Release|Any CPU.ActiveCfg = Release|Any CPU
		{E4480A10-F54D-437A-A625-DAF0CAC44DB5}.Release|Any CPU.Build.0 = Release|Any CPU
		{2F20AC01-FF3B-4C6A-B3C6-93A66AACD4F6}.Debug|Any CPU.ActiveCfg = Debug|Any CPU
		{2F20AC01-FF3B-4C6A-B3C6-93A66AACD4F6}.Debug|Any CPU.Build.0 = Debug|Any CPU
		{2F20AC01-FF3B-4C6A-B3C6-93A66AACD4F6}.Release|Any CPU.ActiveCfg = Release|Any CPU
		{2F20AC01-FF3B-4C6A-B3C6-93A66AACD4F6}.Release|Any CPU.Build.0 = Release|Any CPU
		{5CD1276A-E056-4ABF-BB18-7C53A77E62A9}.Debug|Any CPU.ActiveCfg = Debug|Any CPU
		{5CD1276A-E056-4ABF-BB18-7C53A77E62A9}.Debug|Any CPU.Build.0 = Debug|Any CPU
		{5CD1276A-E056-4ABF-BB18-7C53A77E62A9}.Release|Any CPU.ActiveCfg = Release|Any CPU
		{5CD1276A-E056-4ABF-BB18-7C53A77E62A9}.Release|Any CPU.Build.0 = Release|Any CPU
		{9DD161A4-1BE7-4C01-948E-02A109464CA7}.Debug|Any CPU.ActiveCfg = Debug|Any CPU
		{9DD161A4-1BE7-4C01-948E-02A109464CA7}.Debug|Any CPU.Build.0 = Debug|Any CPU
		{9DD161A4-1BE7-4C01-948E-02A109464CA7}.Release|Any CPU.ActiveCfg = Release|Any CPU
		{9DD161A4-1BE7-4C01-948E-02A109464CA7}.Release|Any CPU.Build.0 = Release|Any CPU
		{3065A899-231A-4CBA-B097-3535DB94E705}.Debug|Any CPU.ActiveCfg = Debug|Any CPU
		{3065A899-231A-4CBA-B097-3535DB94E705}.Debug|Any CPU.Build.0 = Debug|Any CPU
		{3065A899-231A-4CBA-B097-3535DB94E705}.Release|Any CPU.ActiveCfg = Release|Any CPU
		{3065A899-231A-4CBA-B097-3535DB94E705}.Release|Any CPU.Build.0 = Release|Any CPU
		{5A46A88E-4062-4881-A317-AEDC97C73F07}.Debug|Any CPU.ActiveCfg = Debug|Any CPU
		{5A46A88E-4062-4881-A317-AEDC97C73F07}.Debug|Any CPU.Build.0 = Debug|Any CPU
		{5A46A88E-4062-4881-A317-AEDC97C73F07}.Release|Any CPU.ActiveCfg = Release|Any CPU
		{5A46A88E-4062-4881-A317-AEDC97C73F07}.Release|Any CPU.Build.0 = Release|Any CPU
	EndGlobalSection
	GlobalSection(SolutionProperties) = preSolution
		HideSolutionNode = FALSE
	EndGlobalSection
	GlobalSection(NestedProjects) = preSolution
		{0F566BB9-A6A9-448D-8217-240779830CAE} = {6993498C-96BE-4E52-AD1B-94D723A8895F}
		{C9FD001B-E46E-4A3A-A243-B805FC16B7F3} = {6993498C-96BE-4E52-AD1B-94D723A8895F}
		{D6DD5044-5CBF-4537-9C50-821B1F66D3E3} = {6993498C-96BE-4E52-AD1B-94D723A8895F}
		{900EBEC6-D198-4EE4-9264-75C9DA61878B} = {6993498C-96BE-4E52-AD1B-94D723A8895F}
		{49DD9355-6B12-4BB9-8BFA-94EA1227666C} = {6993498C-96BE-4E52-AD1B-94D723A8895F}
		{50AA9034-BE29-45DE-8485-7CC36108E8C2} = {49DD9355-6B12-4BB9-8BFA-94EA1227666C}
		{E4480A10-F54D-437A-A625-DAF0CAC44DB5} = {49DD9355-6B12-4BB9-8BFA-94EA1227666C}
		{2F20AC01-FF3B-4C6A-B3C6-93A66AACD4F6} = {49DD9355-6B12-4BB9-8BFA-94EA1227666C}
		{5CD1276A-E056-4ABF-BB18-7C53A77E62A9} = {49DD9355-6B12-4BB9-8BFA-94EA1227666C}
		{3065A899-231A-4CBA-B097-3535DB94E705} = {49DD9355-6B12-4BB9-8BFA-94EA1227666C}
		{5A46A88E-4062-4881-A317-AEDC97C73F07} = {6993498C-96BE-4E52-AD1B-94D723A8895F}
	EndGlobalSection
	GlobalSection(ExtensibilityGlobals) = postSolution
		SolutionGuid = {CDD625E0-8BEB-45D3-88F5-4B38D96D573D}
	EndGlobalSection
EndGlobal
